// !$*UTF8*$!
{
	archiveVersion = 1;
	classes = {
	};
	objectVersion = 56;
	objects = {

/* Begin PBXBuildFile section */
		8A114D382BA2E59000343AF4 /* HeroDetail.swift in Sources */ = {isa = PBXBuildFile; fileRef = 8A114D372BA2E59000343AF4 /* HeroDetail.swift */; };
		8A114D3A2BA2EABF00343AF4 /* MapView.swift in Sources */ = {isa = PBXBuildFile; fileRef = 8A114D392BA2EABF00343AF4 /* MapView.swift */; };
		8A15B84A2BA31CD1001E2948 /* zipcodes.th.json in Resources */ = {isa = PBXBuildFile; fileRef = 8A15B8492BA31CD1001E2948 /* zipcodes.th.json */; };
		8A15B84E2BA360C2001E2948 /* SortingCerem.swift in Sources */ = {isa = PBXBuildFile; fileRef = 8A15B84D2BA360C2001E2948 /* SortingCerem.swift */; };
		8A1A713D2BA41370008E7D84 /* HomePage.swift in Sources */ = {isa = PBXBuildFile; fileRef = 8A1A713C2BA41370008E7D84 /* HomePage.swift */; };
		8A1A713F2BA447FE008E7D84 /* list_operation.swift in Sources */ = {isa = PBXBuildFile; fileRef = 8A1A713E2BA447FE008E7D84 /* list_operation.swift */; };
		8A481DC62BA30851000BEF76 /* PostalModelData.swift in Sources */ = {isa = PBXBuildFile; fileRef = 8A481DC52BA30851000BEF76 /* PostalModelData.swift */; };
		8AE63E982BA48D21003507FD /* CurrentState.swift in Sources */ = {isa = PBXBuildFile; fileRef = 8AE63E972BA48D21003507FD /* CurrentState.swift */; };
		8AE8C60E2BA2AD7500FF4B94 /* OneLastLastChanceApp.swift in Sources */ = {isa = PBXBuildFile; fileRef = 8AE8C60D2BA2AD7500FF4B94 /* OneLastLastChanceApp.swift */; };
		8AE8C6102BA2AD7500FF4B94 /* ContentView.swift in Sources */ = {isa = PBXBuildFile; fileRef = 8AE8C60F2BA2AD7500FF4B94 /* ContentView.swift */; };
		8AE8C6122BA2AD7800FF4B94 /* Assets.xcassets in Resources */ = {isa = PBXBuildFile; fileRef = 8AE8C6112BA2AD7800FF4B94 /* Assets.xcassets */; };
		8AE8C6152BA2AD7800FF4B94 /* Preview Assets.xcassets in Resources */ = {isa = PBXBuildFile; fileRef = 8AE8C6142BA2AD7800FF4B94 /* Preview Assets.xcassets */; };
		8AE8C61A2BA2AD7800FF4B94 /* OneLastLastChance.xcdatamodeld in Sources */ = {isa = PBXBuildFile; fileRef = 8AE8C6182BA2AD7800FF4B94 /* OneLastLastChance.xcdatamodeld */; };
		8AE8C6212BA2ADBE00FF4B94 /* CoreDataBootCamp.swift in Sources */ = {isa = PBXBuildFile; fileRef = 8AE8C6202BA2ADBE00FF4B94 /* CoreDataBootCamp.swift */; };
		8AE8C6272BA2BCFC00FF4B94 /* heroListView.swift in Sources */ = {isa = PBXBuildFile; fileRef = 8AE8C6262BA2BCFC00FF4B94 /* heroListView.swift */; };
/* End PBXBuildFile section */

/* Begin PBXFileReference section */
		8A114D372BA2E59000343AF4 /* HeroDetail.swift */ = {isa = PBXFileReference; lastKnownFileType = sourcecode.swift; path = HeroDetail.swift; sourceTree = "<group>"; };
		8A114D392BA2EABF00343AF4 /* MapView.swift */ = {isa = PBXFileReference; lastKnownFileType = sourcecode.swift; path = MapView.swift; sourceTree = "<group>"; };
		8A15B8492BA31CD1001E2948 /* zipcodes.th.json */ = {isa = PBXFileReference; fileEncoding = 4; lastKnownFileType = text.json; path = zipcodes.th.json; sourceTree = "<group>"; };
		8A15B84D2BA360C2001E2948 /* SortingCerem.swift */ = {isa = PBXFileReference; lastKnownFileType = sourcecode.swift; path = SortingCerem.swift; sourceTree = "<group>"; };
		8A1A713C2BA41370008E7D84 /* HomePage.swift */ = {isa = PBXFileReference; lastKnownFileType = sourcecode.swift; path = HomePage.swift; sourceTree = "<group>"; };
		8A1A713E2BA447FE008E7D84 /* list_operation.swift */ = {isa = PBXFileReference; lastKnownFileType = sourcecode.swift; path = list_operation.swift; sourceTree = "<group>"; };
		8A481DC52BA30851000BEF76 /* PostalModelData.swift */ = {isa = PBXFileReference; lastKnownFileType = sourcecode.swift; path = PostalModelData.swift; sourceTree = "<group>"; };
		8AE63E972BA48D21003507FD /* CurrentState.swift */ = {isa = PBXFileReference; lastKnownFileType = sourcecode.swift; path = CurrentState.swift; sourceTree = "<group>"; };
		8AE8C60A2BA2AD7500FF4B94 /* OneLastLastChance.app */ = {isa = PBXFileReference; explicitFileType = wrapper.application; includeInIndex = 0; path = OneLastLastChance.app; sourceTree = BUILT_PRODUCTS_DIR; };
		8AE8C60D2BA2AD7500FF4B94 /* OneLastLastChanceApp.swift */ = {isa = PBXFileReference; lastKnownFileType = sourcecode.swift; path = OneLastLastChanceApp.swift; sourceTree = "<group>"; };
		8AE8C60F2BA2AD7500FF4B94 /* ContentView.swift */ = {isa = PBXFileReference; lastKnownFileType = sourcecode.swift; path = ContentView.swift; sourceTree = "<group>"; };
		8AE8C6112BA2AD7800FF4B94 /* Assets.xcassets */ = {isa = PBXFileReference; lastKnownFileType = folder.assetcatalog; path = Assets.xcassets; sourceTree = "<group>"; };
		8AE8C6142BA2AD7800FF4B94 /* Preview Assets.xcassets */ = {isa = PBXFileReference; lastKnownFileType = folder.assetcatalog; path = "Preview Assets.xcassets"; sourceTree = "<group>"; };
		8AE8C6192BA2AD7800FF4B94 /* OneLastLastChance.xcdatamodel */ = {isa = PBXFileReference; lastKnownFileType = wrapper.xcdatamodel; path = OneLastLastChance.xcdatamodel; sourceTree = "<group>"; };
		8AE8C6202BA2ADBE00FF4B94 /* CoreDataBootCamp.swift */ = {isa = PBXFileReference; lastKnownFileType = sourcecode.swift; path = CoreDataBootCamp.swift; sourceTree = "<group>"; };
		8AE8C6262BA2BCFC00FF4B94 /* heroListView.swift */ = {isa = PBXFileReference; lastKnownFileType = sourcecode.swift; path = heroListView.swift; sourceTree = "<group>"; };
/* End PBXFileReference section */

/* Begin PBXFrameworksBuildPhase section */
		8AE8C6072BA2AD7500FF4B94 /* Frameworks */ = {
			isa = PBXFrameworksBuildPhase;
			buildActionMask = 2147483647;
			files = (
			);
			runOnlyForDeploymentPostprocessing = 0;
		};
/* End PBXFrameworksBuildPhase section */

/* Begin PBXGroup section */
		8A114D3B2BA2EACE00343AF4 /* Helper */ = {
			isa = PBXGroup;
			children = (
				8A114D392BA2EABF00343AF4 /* MapView.swift */,
				8AE8C6202BA2ADBE00FF4B94 /* CoreDataBootCamp.swift */,
				8A481DC52BA30851000BEF76 /* PostalModelData.swift */,
				8A15B84D2BA360C2001E2948 /* SortingCerem.swift */,
			);
			path = Helper;
			sourceTree = "<group>";
		};
		8AE8C6012BA2AD7500FF4B94 = {
			isa = PBXGroup;
			children = (
				8AE8C60C2BA2AD7500FF4B94 /* OneLastLastChance */,
				8AE8C60B2BA2AD7500FF4B94 /* Products */,
			);
			sourceTree = "<group>";
		};
		8AE8C60B2BA2AD7500FF4B94 /* Products */ = {
			isa = PBXGroup;
			children = (
				8AE8C60A2BA2AD7500FF4B94 /* OneLastLastChance.app */,
			);
			name = Products;
			sourceTree = "<group>";
		};
		8AE8C60C2BA2AD7500FF4B94 /* OneLastLastChance */ = {
			isa = PBXGroup;
			children = (
				8AE8C60D2BA2AD7500FF4B94 /* OneLastLastChanceApp.swift */,
				8AE8C6252BA2BBB200FF4B94 /* View */,
				8A114D3B2BA2EACE00343AF4 /* Helper */,
				8AE8C6242BA2BB8E00FF4B94 /* Resource */,
				8AE8C6132BA2AD7800FF4B94 /* Preview Content */,
			);
			path = OneLastLastChance;
			sourceTree = "<group>";
		};
		8AE8C6132BA2AD7800FF4B94 /* Preview Content */ = {
			isa = PBXGroup;
			children = (
				8AE8C6142BA2AD7800FF4B94 /* Preview Assets.xcassets */,
			);
			path = "Preview Content";
			sourceTree = "<group>";
		};
		8AE8C6242BA2BB8E00FF4B94 /* Resource */ = {
			isa = PBXGroup;
			children = (
				8A15B8492BA31CD1001E2948 /* zipcodes.th.json */,
				8AE8C6112BA2AD7800FF4B94 /* Assets.xcassets */,
				8AE8C6182BA2AD7800FF4B94 /* OneLastLastChance.xcdatamodeld */,
				8AE63E972BA48D21003507FD /* CurrentState.swift */,
			);
			path = Resource;
			sourceTree = "<group>";
		};
		8AE8C6252BA2BBB200FF4B94 /* View */ = {
			isa = PBXGroup;
			children = (
				8A1A713C2BA41370008E7D84 /* HomePage.swift */,
				8AE8C60F2BA2AD7500FF4B94 /* ContentView.swift */,
				8AE8C6262BA2BCFC00FF4B94 /* heroListView.swift */,
				8A1A713E2BA447FE008E7D84 /* list_operation.swift */,
				8A114D372BA2E59000343AF4 /* HeroDetail.swift */,
			);
			path = View;
			sourceTree = "<group>";
		};
/* End PBXGroup section */

/* Begin PBXNativeTarget section */
		8AE8C6092BA2AD7500FF4B94 /* OneLastLastChance */ = {
			isa = PBXNativeTarget;
			buildConfigurationList = 8AE8C61D2BA2AD7800FF4B94 /* Build configuration list for PBXNativeTarget "OneLastLastChance" */;
			buildPhases = (
				8AE8C6062BA2AD7500FF4B94 /* Sources */,
				8AE8C6072BA2AD7500FF4B94 /* Frameworks */,
				8AE8C6082BA2AD7500FF4B94 /* Resources */,
			);
			buildRules = (
			);
			dependencies = (
			);
			name = OneLastLastChance;
			productName = OneLastLastChance;
			productReference = 8AE8C60A2BA2AD7500FF4B94 /* OneLastLastChance.app */;
			productType = "com.apple.product-type.application";
		};
/* End PBXNativeTarget section */

/* Begin PBXProject section */
		8AE8C6022BA2AD7500FF4B94 /* Project object */ = {
			isa = PBXProject;
			attributes = {
				BuildIndependentTargetsInParallel = 1;
				LastSwiftUpdateCheck = 1520;
				LastUpgradeCheck = 1520;
				TargetAttributes = {
					8AE8C6092BA2AD7500FF4B94 = {
						CreatedOnToolsVersion = 15.2;
					};
				};
			};
			buildConfigurationList = 8AE8C6052BA2AD7500FF4B94 /* Build configuration list for PBXProject "OneLastLastChance" */;
			compatibilityVersion = "Xcode 14.0";
			developmentRegion = en;
			hasScannedForEncodings = 0;
			knownRegions = (
				en,
				Base,
			);
			mainGroup = 8AE8C6012BA2AD7500FF4B94;
			productRefGroup = 8AE8C60B2BA2AD7500FF4B94 /* Products */;
			projectDirPath = "";
			projectRoot = "";
			targets = (
				8AE8C6092BA2AD7500FF4B94 /* OneLastLastChance */,
			);
		};
/* End PBXProject section */

/* Begin PBXResourcesBuildPhase section */
		8AE8C6082BA2AD7500FF4B94 /* Resources */ = {
			isa = PBXResourcesBuildPhase;
			buildActionMask = 2147483647;
			files = (
				8AE8C6152BA2AD7800FF4B94 /* Preview Assets.xcassets in Resources */,
				8A15B84A2BA31CD1001E2948 /* zipcodes.th.json in Resources */,
				8AE8C6122BA2AD7800FF4B94 /* Assets.xcassets in Resources */,
			);
			runOnlyForDeploymentPostprocessing = 0;
		};
/* End PBXResourcesBuildPhase section */

/* Begin PBXSourcesBuildPhase section */
		8AE8C6062BA2AD7500FF4B94 /* Sources */ = {
			isa = PBXSourcesBuildPhase;
			buildActionMask = 2147483647;
			files = (
				8AE63E982BA48D21003507FD /* CurrentState.swift in Sources */,
				8A481DC62BA30851000BEF76 /* PostalModelData.swift in Sources */,
				8A1A713D2BA41370008E7D84 /* HomePage.swift in Sources */,
				8AE8C6272BA2BCFC00FF4B94 /* heroListView.swift in Sources */,
				8A114D3A2BA2EABF00343AF4 /* MapView.swift in Sources */,
				8AE8C6102BA2AD7500FF4B94 /* ContentView.swift in Sources */,
				8AE8C61A2BA2AD7800FF4B94 /* OneLastLastChance.xcdatamodeld in Sources */,
				8A1A713F2BA447FE008E7D84 /* list_operation.swift in Sources */,
				8AE8C60E2BA2AD7500FF4B94 /* OneLastLastChanceApp.swift in Sources */,
				8A15B84E2BA360C2001E2948 /* SortingCerem.swift in Sources */,
				8AE8C6212BA2ADBE00FF4B94 /* CoreDataBootCamp.swift in Sources */,
				8A114D382BA2E59000343AF4 /* HeroDetail.swift in Sources */,
			);
			runOnlyForDeploymentPostprocessing = 0;
		};
/* End PBXSourcesBuildPhase section */

/* Begin XCBuildConfiguration section */
		8AE8C61B2BA2AD7800FF4B94 /* Debug */ = {
			isa = XCBuildConfiguration;
			buildSettings = {
				ALWAYS_SEARCH_USER_PATHS = NO;
				ASSETCATALOG_COMPILER_GENERATE_SWIFT_ASSET_SYMBOL_EXTENSIONS = YES;
				CLANG_ANALYZER_NONNULL = YES;
				CLANG_ANALYZER_NUMBER_OBJECT_CONVERSION = YES_AGGRESSIVE;
				CLANG_CXX_LANGUAGE_STANDARD = "gnu++20";
				CLANG_ENABLE_MODULES = YES;
				CLANG_ENABLE_OBJC_ARC = YES;
				CLANG_ENABLE_OBJC_WEAK = YES;
				CLANG_WARN_BLOCK_CAPTURE_AUTORELEASING = YES;
				CLANG_WARN_BOOL_CONVERSION = YES;
				CLANG_WARN_COMMA = YES;
				CLANG_WARN_CONSTANT_CONVERSION = YES;
				CLANG_WARN_DEPRECATED_OBJC_IMPLEMENTATIONS = YES;
				CLANG_WARN_DIRECT_OBJC_ISA_USAGE = YES_ERROR;
				CLANG_WARN_DOCUMENTATION_COMMENTS = YES;
				CLANG_WARN_EMPTY_BODY = YES;
				CLANG_WARN_ENUM_CONVERSION = YES;
				CLANG_WARN_INFINITE_RECURSION = YES;
				CLANG_WARN_INT_CONVERSION = YES;
				CLANG_WARN_NON_LITERAL_NULL_CONVERSION = YES;
				CLANG_WARN_OBJC_IMPLICIT_RETAIN_SELF = YES;
				CLANG_WARN_OBJC_LITERAL_CONVERSION = YES;
				CLANG_WARN_OBJC_ROOT_CLASS = YES_ERROR;
				CLANG_WARN_QUOTED_INCLUDE_IN_FRAMEWORK_HEADER = YES;
				CLANG_WARN_RANGE_LOOP_ANALYSIS = YES;
				CLANG_WARN_STRICT_PROTOTYPES = YES;
				CLANG_WARN_SUSPICIOUS_MOVE = YES;
				CLANG_WARN_UNGUARDED_AVAILABILITY = YES_AGGRESSIVE;
				CLANG_WARN_UNREACHABLE_CODE = YES;
				CLANG_WARN__DUPLICATE_METHOD_MATCH = YES;
				COPY_PHASE_STRIP = NO;
				DEBUG_INFORMATION_FORMAT = dwarf;
				ENABLE_STRICT_OBJC_MSGSEND = YES;
				ENABLE_TESTABILITY = YES;
				ENABLE_USER_SCRIPT_SANDBOXING = YES;
				GCC_C_LANGUAGE_STANDARD = gnu17;
				GCC_DYNAMIC_NO_PIC = NO;
				GCC_NO_COMMON_BLOCKS = YES;
				GCC_OPTIMIZATION_LEVEL = 0;
				GCC_PREPROCESSOR_DEFINITIONS = (
					"DEBUG=1",
					"$(inherited)",
				);
				GCC_WARN_64_TO_32_BIT_CONVERSION = YES;
				GCC_WARN_ABOUT_RETURN_TYPE = YES_ERROR;
				GCC_WARN_UNDECLARED_SELECTOR = YES;
				GCC_WARN_UNINITIALIZED_AUTOS = YES_AGGRESSIVE;
				GCC_WARN_UNUSED_FUNCTION = YES;
				GCC_WARN_UNUSED_VARIABLE = YES;
				IPHONEOS_DEPLOYMENT_TARGET = 17.2;
				LOCALIZATION_PREFERS_STRING_CATALOGS = YES;
				MTL_ENABLE_DEBUG_INFO = INCLUDE_SOURCE;
				MTL_FAST_MATH = YES;
				ONLY_ACTIVE_ARCH = YES;
				SDKROOT = iphoneos;
				SWIFT_ACTIVE_COMPILATION_CONDITIONS = "DEBUG $(inherited)";
				SWIFT_OPTIMIZATION_LEVEL = "-Onone";
			};
			name = Debug;
		};
		8AE8C61C2BA2AD7800FF4B94 /* Release */ = {
			isa = XCBuildConfiguration;
			buildSettings = {
				ALWAYS_SEARCH_USER_PATHS = NO;
				ASSETCATALOG_COMPILER_GENERATE_SWIFT_ASSET_SYMBOL_EXTENSIONS = YES;
				CLANG_ANALYZER_NONNULL = YES;
				CLANG_ANALYZER_NUMBER_OBJECT_CONVERSION = YES_AGGRESSIVE;
				CLANG_CXX_LANGUAGE_STANDARD = "gnu++20";
				CLANG_ENABLE_MODULES = YES;
				CLANG_ENABLE_OBJC_ARC = YES;
				CLANG_ENABLE_OBJC_WEAK = YES;
				CLANG_WARN_BLOCK_CAPTURE_AUTORELEASING = YES;
				CLANG_WARN_BOOL_CONVERSION = YES;
				CLANG_WARN_COMMA = YES;
				CLANG_WARN_CONSTANT_CONVERSION = YES;
				CLANG_WARN_DEPRECATED_OBJC_IMPLEMENTATIONS = YES;
				CLANG_WARN_DIRECT_OBJC_ISA_USAGE = YES_ERROR;
				CLANG_WARN_DOCUMENTATION_COMMENTS = YES;
				CLANG_WARN_EMPTY_BODY = YES;
				CLANG_WARN_ENUM_CONVERSION = YES;
				CLANG_WARN_INFINITE_RECURSION = YES;
				CLANG_WARN_INT_CONVERSION = YES;
				CLANG_WARN_NON_LITERAL_NULL_CONVERSION = YES;
				CLANG_WARN_OBJC_IMPLICIT_RETAIN_SELF = YES;
				CLANG_WARN_OBJC_LITERAL_CONVERSION = YES;
				CLANG_WARN_OBJC_ROOT_CLASS = YES_ERROR;
				CLANG_WARN_QUOTED_INCLUDE_IN_FRAMEWORK_HEADER = YES;
				CLANG_WARN_RANGE_LOOP_ANALYSIS = YES;
				CLANG_WARN_STRICT_PROTOTYPES = YES;
				CLANG_WARN_SUSPICIOUS_MOVE = YES;
				CLANG_WARN_UNGUARDED_AVAILABILITY = YES_AGGRESSIVE;
				CLANG_WARN_UNREACHABLE_CODE = YES;
				CLANG_WARN__DUPLICATE_METHOD_MATCH = YES;
				COPY_PHASE_STRIP = NO;
				DEBUG_INFORMATION_FORMAT = "dwarf-with-dsym";
				ENABLE_NS_ASSERTIONS = NO;
				ENABLE_STRICT_OBJC_MSGSEND = YES;
				ENABLE_USER_SCRIPT_SANDBOXING = YES;
				GCC_C_LANGUAGE_STANDARD = gnu17;
				GCC_NO_COMMON_BLOCKS = YES;
				GCC_WARN_64_TO_32_BIT_CONVERSION = YES;
				GCC_WARN_ABOUT_RETURN_TYPE = YES_ERROR;
				GCC_WARN_UNDECLARED_SELECTOR = YES;
				GCC_WARN_UNINITIALIZED_AUTOS = YES_AGGRESSIVE;
				GCC_WARN_UNUSED_FUNCTION = YES;
				GCC_WARN_UNUSED_VARIABLE = YES;
				IPHONEOS_DEPLOYMENT_TARGET = 17.2;
				LOCALIZATION_PREFERS_STRING_CATALOGS = YES;
				MTL_ENABLE_DEBUG_INFO = NO;
				MTL_FAST_MATH = YES;
				SDKROOT = iphoneos;
				SWIFT_COMPILATION_MODE = wholemodule;
				VALIDATE_PRODUCT = YES;
			};
			name = Release;
		};
		8AE8C61E2BA2AD7800FF4B94 /* Debug */ = {
			isa = XCBuildConfiguration;
			buildSettings = {
				ASSETCATALOG_COMPILER_APPICON_NAME = AppIcon;
				ASSETCATALOG_COMPILER_GLOBAL_ACCENT_COLOR_NAME = AccentColor;
				CODE_SIGN_STYLE = Automatic;
				CURRENT_PROJECT_VERSION = 1;
				DEVELOPMENT_ASSET_PATHS = "\"OneLastLastChance/Preview Content\"";
				ENABLE_PREVIEWS = YES;
				GENERATE_INFOPLIST_FILE = YES;
				INFOPLIST_KEY_UIApplicationSceneManifest_Generation = YES;
				INFOPLIST_KEY_UIApplicationSupportsIndirectInputEvents = YES;
				INFOPLIST_KEY_UILaunchScreen_Generation = YES;
				INFOPLIST_KEY_UISupportedInterfaceOrientations_iPad = "UIInterfaceOrientationPortrait UIInterfaceOrientationPortraitUpsideDown UIInterfaceOrientationLandscapeLeft UIInterfaceOrientationLandscapeRight";
				INFOPLIST_KEY_UISupportedInterfaceOrientations_iPhone = "UIInterfaceOrientationPortrait UIInterfaceOrientationLandscapeLeft UIInterfaceOrientationLandscapeRight";
				LD_RUNPATH_SEARCH_PATHS = (
					"$(inherited)",
					"@executable_path/Frameworks",
				);
				MARKETING_VERSION = 1.0;
				PRODUCT_BUNDLE_IDENTIFIER = silpakorn.OneLastLastChance;
				PRODUCT_NAME = "$(TARGET_NAME)";
				SWIFT_EMIT_LOC_STRINGS = YES;
				SWIFT_VERSION = 5.0;
				TARGETED_DEVICE_FAMILY = "1,2";
			};
			name = Debug;
		};
		8AE8C61F2BA2AD7800FF4B94 /* Release */ = {
			isa = XCBuildConfiguration;
			buildSettings = {
				ASSETCATALOG_COMPILER_APPICON_NAME = AppIcon;
				ASSETCATALOG_COMPILER_GLOBAL_ACCENT_COLOR_NAME = AccentColor;
				CODE_SIGN_STYLE = Automatic;
				CURRENT_PROJECT_VERSION = 1;
				DEVELOPMENT_ASSET_PATHS = "\"OneLastLastChance/Preview Content\"";
				ENABLE_PREVIEWS = YES;
				GENERATE_INFOPLIST_FILE = YES;
				INFOPLIST_KEY_UIApplicationSceneManifest_Generation = YES;
				INFOPLIST_KEY_UIApplicationSupportsIndirectInputEvents = YES;
				INFOPLIST_KEY_UILaunchScreen_Generation = YES;
				INFOPLIST_KEY_UISupportedInterfaceOrientations_iPad = "UIInterfaceOrientationPortrait UIInterfaceOrientationPortraitUpsideDown UIInterfaceOrientationLandscapeLeft UIInterfaceOrientationLandscapeRight";
				INFOPLIST_KEY_UISupportedInterfaceOrientations_iPhone = "UIInterfaceOrientationPortrait UIInterfaceOrientationLandscapeLeft UIInterfaceOrientationLandscapeRight";
				LD_RUNPATH_SEARCH_PATHS = (
					"$(inherited)",
					"@executable_path/Frameworks",
				);
				MARKETING_VERSION = 1.0;
				PRODUCT_BUNDLE_IDENTIFIER = silpakorn.OneLastLastChance;
				PRODUCT_NAME = "$(TARGET_NAME)";
				SWIFT_EMIT_LOC_STRINGS = YES;
				SWIFT_VERSION = 5.0;
				TARGETED_DEVICE_FAMILY = "1,2";
			};
			name = Release;
		};
/* End XCBuildConfiguration section */

/* Begin XCConfigurationList section */
		8AE8C6052BA2AD7500FF4B94 /* Build configuration list for PBXProject "OneLastLastChance" */ = {
			isa = XCConfigurationList;
			buildConfigurations = (
				8AE8C61B2BA2AD7800FF4B94 /* Debug */,
				8AE8C61C2BA2AD7800FF4B94 /* Release */,
			);
			defaultConfigurationIsVisible = 0;
			defaultConfigurationName = Release;
		};
		8AE8C61D2BA2AD7800FF4B94 /* Build configuration list for PBXNativeTarget "OneLastLastChance" */ = {
			isa = XCConfigurationList;
			buildConfigurations = (
				8AE8C61E2BA2AD7800FF4B94 /* Debug */,
				8AE8C61F2BA2AD7800FF4B94 /* Release */,
			);
			defaultConfigurationIsVisible = 0;
			defaultConfigurationName = Release;
		};
/* End XCConfigurationList section */

/* Begin XCVersionGroup section */
		8AE8C6182BA2AD7800FF4B94 /* OneLastLastChance.xcdatamodeld */ = {
			isa = XCVersionGroup;
			children = (
				8AE8C6192BA2AD7800FF4B94 /* OneLastLastChance.xcdatamodel */,
			);
			currentVersion = 8AE8C6192BA2AD7800FF4B94 /* OneLastLastChance.xcdatamodel */;
			path = OneLastLastChance.xcdatamodeld;
			sourceTree = "<group>";
			versionGroupType = wrapper.xcdatamodel;
		};
/* End XCVersionGroup section */
	};
	rootObject = 8AE8C6022BA2AD7500FF4B94 /* Project object */;
}
